// !$*UTF8*$!
{
	archiveVersion = 1;
	classes = {
	};
	objectVersion = 56;
	objects = {

/* Begin PBXBuildFile section */
		76955FDF2C26D59900452A26 /* RemindersSDApp.swift in Sources */ = {isa = PBXBuildFile; fileRef = 76955FDE2C26D59900452A26 /* RemindersSDApp.swift */; };
		76955FE12C26D59900452A26 /* ContentView.swift in Sources */ = {isa = PBXBuildFile; fileRef = 76955FE02C26D59900452A26 /* ContentView.swift */; };
		76955FE32C26D59B00452A26 /* Assets.xcassets in Resources */ = {isa = PBXBuildFile; fileRef = 76955FE22C26D59B00452A26 /* Assets.xcassets */; };
		76955FE72C26D59B00452A26 /* Preview Assets.xcassets in Resources */ = {isa = PBXBuildFile; fileRef = 76955FE62C26D59B00452A26 /* Preview Assets.xcassets */; };
		76955FEF2C26D90200452A26 /* MyListsScreen.swift in Sources */ = {isa = PBXBuildFile; fileRef = 76955FEE2C26D90200452A26 /* MyListsScreen.swift */; };
		76955FF12C26E16200452A26 /* AddMyListScreen.swift in Sources */ = {isa = PBXBuildFile; fileRef = 76955FF02C26E16200452A26 /* AddMyListScreen.swift */; };
		76955FF42C26E6A400452A26 /* ColorPickerView.swift in Sources */ = {isa = PBXBuildFile; fileRef = 76955FF32C26E6A400452A26 /* ColorPickerView.swift */; };
		76F24C732C28AD04003D57B8 /* MyList.swift in Sources */ = {isa = PBXBuildFile; fileRef = 76F24C722C28AD04003D57B8 /* MyList.swift */; };
		76F24C752C28B40E003D57B8 /* PreviewContainer.swift in Sources */ = {isa = PBXBuildFile; fileRef = 76F24C742C28B40E003D57B8 /* PreviewContainer.swift */; };
/* End PBXBuildFile section */

/* Begin PBXFileReference section */
		76955FDB2C26D59900452A26 /* RemindersSD.app */ = {isa = PBXFileReference; explicitFileType = wrapper.application; includeInIndex = 0; path = RemindersSD.app; sourceTree = BUILT_PRODUCTS_DIR; };
		76955FDE2C26D59900452A26 /* RemindersSDApp.swift */ = {isa = PBXFileReference; lastKnownFileType = sourcecode.swift; path = RemindersSDApp.swift; sourceTree = "<group>"; };
		76955FE02C26D59900452A26 /* ContentView.swift */ = {isa = PBXFileReference; lastKnownFileType = sourcecode.swift; path = ContentView.swift; sourceTree = "<group>"; };
		76955FE22C26D59B00452A26 /* Assets.xcassets */ = {isa = PBXFileReference; lastKnownFileType = folder.assetcatalog; path = Assets.xcassets; sourceTree = "<group>"; };
		76955FE42C26D59B00452A26 /* RemindersSD.entitlements */ = {isa = PBXFileReference; lastKnownFileType = text.plist.entitlements; path = RemindersSD.entitlements; sourceTree = "<group>"; };
		76955FE62C26D59B00452A26 /* Preview Assets.xcassets */ = {isa = PBXFileReference; lastKnownFileType = folder.assetcatalog; path = "Preview Assets.xcassets"; sourceTree = "<group>"; };
		76955FEE2C26D90200452A26 /* MyListsScreen.swift */ = {isa = PBXFileReference; lastKnownFileType = sourcecode.swift; path = MyListsScreen.swift; sourceTree = "<group>"; };
		76955FF02C26E16200452A26 /* AddMyListScreen.swift */ = {isa = PBXFileReference; lastKnownFileType = sourcecode.swift; path = AddMyListScreen.swift; sourceTree = "<group>"; };
		76955FF32C26E6A400452A26 /* ColorPickerView.swift */ = {isa = PBXFileReference; lastKnownFileType = sourcecode.swift; path = ColorPickerView.swift; sourceTree = "<group>"; };
		76F24C722C28AD04003D57B8 /* MyList.swift */ = {isa = PBXFileReference; lastKnownFileType = sourcecode.swift; path = MyList.swift; sourceTree = "<group>"; };
		76F24C742C28B40E003D57B8 /* PreviewContainer.swift */ = {isa = PBXFileReference; lastKnownFileType = sourcecode.swift; path = PreviewContainer.swift; sourceTree = "<group>"; };
/* End PBXFileReference section */

/* Begin PBXFrameworksBuildPhase section */
		76955FD82C26D59900452A26 /* Frameworks */ = {
			isa = PBXFrameworksBuildPhase;
			buildActionMask = 2147483647;
			files = (
			);
			runOnlyForDeploymentPostprocessing = 0;
		};
/* End PBXFrameworksBuildPhase section */

/* Begin PBXGroup section */
		76955FD22C26D59900452A26 = {
			isa = PBXGroup;
			children = (
				76955FDD2C26D59900452A26 /* RemindersSD */,
				76955FDC2C26D59900452A26 /* Products */,
			);
			sourceTree = "<group>";
		};
		76955FDC2C26D59900452A26 /* Products */ = {
			isa = PBXGroup;
			children = (
				76955FDB2C26D59900452A26 /* RemindersSD.app */,
			);
			name = Products;
			sourceTree = "<group>";
		};
		76955FDD2C26D59900452A26 /* RemindersSD */ = {
			isa = PBXGroup;
			children = (
				76F24C712C28ACEE003D57B8 /* Models */,
				76955FF22C26E69600452A26 /* Views */,
				76955FED2C26D84900452A26 /* Screens */,
				76955FDE2C26D59900452A26 /* RemindersSDApp.swift */,
				76955FE02C26D59900452A26 /* ContentView.swift */,
				76955FE22C26D59B00452A26 /* Assets.xcassets */,
				76955FE42C26D59B00452A26 /* RemindersSD.entitlements */,
				76955FE52C26D59B00452A26 /* Preview Content */,
			);
			path = RemindersSD;
			sourceTree = "<group>";
		};
		76955FE52C26D59B00452A26 /* Preview Content */ = {
			isa = PBXGroup;
			children = (
				76955FE62C26D59B00452A26 /* Preview Assets.xcassets */,
				76F24C742C28B40E003D57B8 /* PreviewContainer.swift */,
			);
			path = "Preview Content";
			sourceTree = "<group>";
		};
		76955FED2C26D84900452A26 /* Screens */ = {
			isa = PBXGroup;
			children = (
				76955FEE2C26D90200452A26 /* MyListsScreen.swift */,
				76955FF02C26E16200452A26 /* AddMyListScreen.swift */,
			);
			path = Screens;
			sourceTree = "<group>";
		};
		76955FF22C26E69600452A26 /* Views */ = {
			isa = PBXGroup;
			children = (
				76955FF32C26E6A400452A26 /* ColorPickerView.swift */,
			);
			path = Views;
			sourceTree = "<group>";
		};
		76F24C712C28ACEE003D57B8 /* Models */ = {
			isa = PBXGroup;
			children = (
				76F24C722C28AD04003D57B8 /* MyList.swift */,
			);
			path = Models;
			sourceTree = "<group>";
		};
/* End PBXGroup section */

/* Begin PBXNativeTarget section */
		76955FDA2C26D59900452A26 /* RemindersSD */ = {
			isa = PBXNativeTarget;
			buildConfigurationList = 76955FEA2C26D59B00452A26 /* Build configuration list for PBXNativeTarget "RemindersSD" */;
			buildPhases = (
				76955FD72C26D59900452A26 /* Sources */,
				76955FD82C26D59900452A26 /* Frameworks */,
				76955FD92C26D59900452A26 /* Resources */,
			);
			buildRules = (
			);
			dependencies = (
			);
			name = RemindersSD;
			productName = RemindersSD;
			productReference = 76955FDB2C26D59900452A26 /* RemindersSD.app */;
			productType = "com.apple.product-type.application";
		};
/* End PBXNativeTarget section */

/* Begin PBXProject section */
		76955FD32C26D59900452A26 /* Project object */ = {
			isa = PBXProject;
			attributes = {
				BuildIndependentTargetsInParallel = 1;
				LastSwiftUpdateCheck = 1540;
				LastUpgradeCheck = 1540;
				TargetAttributes = {
					76955FDA2C26D59900452A26 = {
						CreatedOnToolsVersion = 15.4;
					};
				};
			};
			buildConfigurationList = 76955FD62C26D59900452A26 /* Build configuration list for PBXProject "RemindersSD" */;
			compatibilityVersion = "Xcode 14.0";
			developmentRegion = en;
			hasScannedForEncodings = 0;
			knownRegions = (
				en,
				Base,
			);
			mainGroup = 76955FD22C26D59900452A26;
			productRefGroup = 76955FDC2C26D59900452A26 /* Products */;
			projectDirPath = "";
			projectRoot = "";
			targets = (
				76955FDA2C26D59900452A26 /* RemindersSD */,
			);
		};
/* End PBXProject section */

/* Begin PBXResourcesBuildPhase section */
		76955FD92C26D59900452A26 /* Resources */ = {
			isa = PBXResourcesBuildPhase;
			buildActionMask = 2147483647;
			files = (
				76955FE72C26D59B00452A26 /* Preview Assets.xcassets in Resources */,
				76955FE32C26D59B00452A26 /* Assets.xcassets in Resources */,
			);
			runOnlyForDeploymentPostprocessing = 0;
		};
/* End PBXResourcesBuildPhase section */

/* Begin PBXSourcesBuildPhase section */
		76955FD72C26D59900452A26 /* Sources */ = {
			isa = PBXSourcesBuildPhase;
			buildActionMask = 2147483647;
			files = (
				76955FEF2C26D90200452A26 /* MyListsScreen.swift in Sources */,
				76955FE12C26D59900452A26 /* ContentView.swift in Sources */,
				76955FDF2C26D59900452A26 /* RemindersSDApp.swift in Sources */,
				76955FF12C26E16200452A26 /* AddMyListScreen.swift in Sources */,
				76955FF42C26E6A400452A26 /* ColorPickerView.swift in Sources */,
				76F24C752C28B40E003D57B8 /* PreviewContainer.swift in Sources */,
				76F24C732C28AD04003D57B8 /* MyList.swift in Sources */,
			);
			runOnlyForDeploymentPostprocessing = 0;
		};
/* End PBXSourcesBuildPhase section */

/* Begin XCBuildConfiguration section */
		76955FE82C26D59B00452A26 /* Debug */ = {
			isa = XCBuildConfiguration;
			buildSettings = {
				ALWAYS_SEARCH_USER_PATHS = NO;
				ASSETCATALOG_COMPILER_GENERATE_SWIFT_ASSET_SYMBOL_EXTENSIONS = YES;
				CLANG_ANALYZER_NONNULL = YES;
				CLANG_ANALYZER_NUMBER_OBJECT_CONVERSION = YES_AGGRESSIVE;
				CLANG_CXX_LANGUAGE_STANDARD = "gnu++20";
				CLANG_ENABLE_MODULES = YES;
				CLANG_ENABLE_OBJC_ARC = YES;
				CLANG_ENABLE_OBJC_WEAK = YES;
				CLANG_WARN_BLOCK_CAPTURE_AUTORELEASING = YES;
				CLANG_WARN_BOOL_CONVERSION = YES;
				CLANG_WARN_COMMA = YES;
				CLANG_WARN_CONSTANT_CONVERSION = YES;
				CLANG_WARN_DEPRECATED_OBJC_IMPLEMENTATIONS = YES;
				CLANG_WARN_DIRECT_OBJC_ISA_USAGE = YES_ERROR;
				CLANG_WARN_DOCUMENTATION_COMMENTS = YES;
				CLANG_WARN_EMPTY_BODY = YES;
				CLANG_WARN_ENUM_CONVERSION = YES;
				CLANG_WARN_INFINITE_RECURSION = YES;
				CLANG_WARN_INT_CONVERSION = YES;
				CLANG_WARN_NON_LITERAL_NULL_CONVERSION = YES;
				CLANG_WARN_OBJC_IMPLICIT_RETAIN_SELF = YES;
				CLANG_WARN_OBJC_LITERAL_CONVERSION = YES;
				CLANG_WARN_OBJC_ROOT_CLASS = YES_ERROR;
				CLANG_WARN_QUOTED_INCLUDE_IN_FRAMEWORK_HEADER = YES;
				CLANG_WARN_RANGE_LOOP_ANALYSIS = YES;
				CLANG_WARN_STRICT_PROTOTYPES = YES;
				CLANG_WARN_SUSPICIOUS_MOVE = YES;
				CLANG_WARN_UNGUARDED_AVAILABILITY = YES_AGGRESSIVE;
				CLANG_WARN_UNREACHABLE_CODE = YES;
				CLANG_WARN__DUPLICATE_METHOD_MATCH = YES;
				COPY_PHASE_STRIP = NO;
				DEBUG_INFORMATION_FORMAT = dwarf;
				ENABLE_STRICT_OBJC_MSGSEND = YES;
				ENABLE_TESTABILITY = YES;
				ENABLE_USER_SCRIPT_SANDBOXING = YES;
				GCC_C_LANGUAGE_STANDARD = gnu17;
				GCC_DYNAMIC_NO_PIC = NO;
				GCC_NO_COMMON_BLOCKS = YES;
				GCC_OPTIMIZATION_LEVEL = 0;
				GCC_PREPROCESSOR_DEFINITIONS = (
					"DEBUG=1",
					"$(inherited)",
				);
				GCC_WARN_64_TO_32_BIT_CONVERSION = YES;
				GCC_WARN_ABOUT_RETURN_TYPE = YES_ERROR;
				GCC_WARN_UNDECLARED_SELECTOR = YES;
				GCC_WARN_UNINITIALIZED_AUTOS = YES_AGGRESSIVE;
				GCC_WARN_UNUSED_FUNCTION = YES;
				GCC_WARN_UNUSED_VARIABLE = YES;
				LOCALIZATION_PREFERS_STRING_CATALOGS = YES;
				MTL_ENABLE_DEBUG_INFO = INCLUDE_SOURCE;
				MTL_FAST_MATH = YES;
				ONLY_ACTIVE_ARCH = YES;
				SWIFT_ACTIVE_COMPILATION_CONDITIONS = "DEBUG $(inherited)";
				SWIFT_OPTIMIZATION_LEVEL = "-Onone";
			};
			name = Debug;
		};
		76955FE92C26D59B00452A26 /* Release */ = {
			isa = XCBuildConfiguration;
			buildSettings = {
				ALWAYS_SEARCH_USER_PATHS = NO;
				ASSETCATALOG_COMPILER_GENERATE_SWIFT_ASSET_SYMBOL_EXTENSIONS = YES;
				CLANG_ANALYZER_NONNULL = YES;
				CLANG_ANALYZER_NUMBER_OBJECT_CONVERSION = YES_AGGRESSIVE;
				CLANG_CXX_LANGUAGE_STANDARD = "gnu++20";
				CLANG_ENABLE_MODULES = YES;
				CLANG_ENABLE_OBJC_ARC = YES;
				CLANG_ENABLE_OBJC_WEAK = YES;
				CLANG_WARN_BLOCK_CAPTURE_AUTORELEASING = YES;
				CLANG_WARN_BOOL_CONVERSION = YES;
				CLANG_WARN_COMMA = YES;
				CLANG_WARN_CONSTANT_CONVERSION = YES;
				CLANG_WARN_DEPRECATED_OBJC_IMPLEMENTATIONS = YES;
				CLANG_WARN_DIRECT_OBJC_ISA_USAGE = YES_ERROR;
				CLANG_WARN_DOCUMENTATION_COMMENTS = YES;
				CLANG_WARN_EMPTY_BODY = YES;
				CLANG_WARN_ENUM_CONVERSION = YES;
				CLANG_WARN_INFINITE_RECURSION = YES;
				CLANG_WARN_INT_CONVERSION = YES;
				CLANG_WARN_NON_LITERAL_NULL_CONVERSION = YES;
				CLANG_WARN_OBJC_IMPLICIT_RETAIN_SELF = YES;
				CLANG_WARN_OBJC_LITERAL_CONVERSION = YES;
				CLANG_WARN_OBJC_ROOT_CLASS = YES_ERROR;
				CLANG_WARN_QUOTED_INCLUDE_IN_FRAMEWORK_HEADER = YES;
				CLANG_WARN_RANGE_LOOP_ANALYSIS = YES;
				CLANG_WARN_STRICT_PROTOTYPES = YES;
				CLANG_WARN_SUSPICIOUS_MOVE = YES;
				CLANG_WARN_UNGUARDED_AVAILABILITY = YES_AGGRESSIVE;
				CLANG_WARN_UNREACHABLE_CODE = YES;
				CLANG_WARN__DUPLICATE_METHOD_MATCH = YES;
				COPY_PHASE_STRIP = NO;
				DEBUG_INFORMATION_FORMAT = "dwarf-with-dsym";
				ENABLE_NS_ASSERTIONS = NO;
				ENABLE_STRICT_OBJC_MSGSEND = YES;
				ENABLE_USER_SCRIPT_SANDBOXING = YES;
				GCC_C_LANGUAGE_STANDARD = gnu17;
				GCC_NO_COMMON_BLOCKS = YES;
				GCC_WARN_64_TO_32_BIT_CONVERSION = YES;
				GCC_WARN_ABOUT_RETURN_TYPE = YES_ERROR;
				GCC_WARN_UNDECLARED_SELECTOR = YES;
				GCC_WARN_UNINITIALIZED_AUTOS = YES_AGGRESSIVE;
				GCC_WARN_UNUSED_FUNCTION = YES;
				GCC_WARN_UNUSED_VARIABLE = YES;
				LOCALIZATION_PREFERS_STRING_CATALOGS = YES;
				MTL_ENABLE_DEBUG_INFO = NO;
				MTL_FAST_MATH = YES;
				SWIFT_COMPILATION_MODE = wholemodule;
			};
			name = Release;
		};
		76955FEB2C26D59B00452A26 /* Debug */ = {
			isa = XCBuildConfiguration;
			buildSettings = {
				ASSETCATALOG_COMPILER_APPICON_NAME = AppIcon;
				ASSETCATALOG_COMPILER_GLOBAL_ACCENT_COLOR_NAME = AccentColor;
				CODE_SIGN_ENTITLEMENTS = RemindersSD/RemindersSD.entitlements;
				CODE_SIGN_STYLE = Automatic;
				CURRENT_PROJECT_VERSION = 1;
				DEVELOPMENT_ASSET_PATHS = "\"RemindersSD/Preview Content\"";
				DEVELOPMENT_TEAM = PFVCA649R3;
				ENABLE_HARDENED_RUNTIME = YES;
				ENABLE_PREVIEWS = YES;
				GENERATE_INFOPLIST_FILE = YES;
				"INFOPLIST_KEY_UIApplicationSceneManifest_Generation[sdk=iphoneos*]" = YES;
				"INFOPLIST_KEY_UIApplicationSceneManifest_Generation[sdk=iphonesimulator*]" = YES;
				"INFOPLIST_KEY_UIApplicationSupportsIndirectInputEvents[sdk=iphoneos*]" = YES;
				"INFOPLIST_KEY_UIApplicationSupportsIndirectInputEvents[sdk=iphonesimulator*]" = YES;
				"INFOPLIST_KEY_UILaunchScreen_Generation[sdk=iphoneos*]" = YES;
				"INFOPLIST_KEY_UILaunchScreen_Generation[sdk=iphonesimulator*]" = YES;
				"INFOPLIST_KEY_UIStatusBarStyle[sdk=iphoneos*]" = UIStatusBarStyleDefault;
				"INFOPLIST_KEY_UIStatusBarStyle[sdk=iphonesimulator*]" = UIStatusBarStyleDefault;
				INFOPLIST_KEY_UISupportedInterfaceOrientations_iPad = "UIInterfaceOrientationPortrait UIInterfaceOrientationPortraitUpsideDown UIInterfaceOrientationLandscapeLeft UIInterfaceOrientationLandscapeRight";
				INFOPLIST_KEY_UISupportedInterfaceOrientations_iPhone = "UIInterfaceOrientationPortrait UIInterfaceOrientationLandscapeLeft UIInterfaceOrientationLandscapeRight";
				IPHONEOS_DEPLOYMENT_TARGET = 17.5;
				LD_RUNPATH_SEARCH_PATHS = "@executable_path/Frameworks";
				"LD_RUNPATH_SEARCH_PATHS[sdk=macosx*]" = "@executable_path/../Frameworks";
				MACOSX_DEPLOYMENT_TARGET = 14.5;
				MARKETING_VERSION = 1.0;
				PRODUCT_BUNDLE_IDENTIFIER = com.kashiash.RemindersSD;
				PRODUCT_NAME = "$(TARGET_NAME)";
				SDKROOT = auto;
				SUPPORTED_PLATFORMS = "iphoneos iphonesimulator macosx";
				SWIFT_EMIT_LOC_STRINGS = YES;
				SWIFT_VERSION = 5.0;
				TARGETED_DEVICE_FAMILY = "1,2";
			};
			name = Debug;
		};
		76955FEC2C26D59B00452A26 /* Release */ = {
			isa = XCBuildConfiguration;
			buildSettings = {
				ASSETCATALOG_COMPILER_APPICON_NAME = AppIcon;
				ASSETCATALOG_COMPILER_GLOBAL_ACCENT_COLOR_NAME = AccentColor;
				CODE_SIGN_ENTITLEMENTS = RemindersSD/RemindersSD.entitlements;
				CODE_SIGN_STYLE = Automatic;
				CURRENT_PROJECT_VERSION = 1;
				DEVELOPMENT_ASSET_PATHS = "\"RemindersSD/Preview Content\"";
				DEVELOPMENT_TEAM = PFVCA649R3;
				ENABLE_HARDENED_RUNTIME = YES;
				ENABLE_PREVIEWS = YES;
				GENERATE_INFOPLIST_FILE = YES;
				"INFOPLIST_KEY_UIApplicationSceneManifest_Generation[sdk=iphoneos*]" = YES;
				"INFOPLIST_KEY_UIApplicationSceneManifest_Generation[sdk=iphonesimulator*]" = YES;
				"INFOPLIST_KEY_UIApplicationSupportsIndirectInputEvents[sdk=iphoneos*]" = YES;
				"INFOPLIST_KEY_UIApplicationSupportsIndirectInputEvents[sdk=iphonesimulator*]" = YES;
				"INFOPLIST_KEY_UILaunchScreen_Generation[sdk=iphoneos*]" = YES;
				"INFOPLIST_KEY_UILaunchScreen_Generation[sdk=iphonesimulator*]" = YES;
				"INFOPLIST_KEY_UIStatusBarStyle[sdk=iphoneos*]" = UIStatusBarStyleDefault;
				"INFOPLIST_KEY_UIStatusBarStyle[sdk=iphonesimulator*]" = UIStatusBarStyleDefault;
				INFOPLIST_KEY_UISupportedInterfaceOrientations_iPad = "UIInterfaceOrientationPortrait UIInterfaceOrientationPortraitUpsideDown UIInterfaceOrientationLandscapeLeft UIInterfaceOrientationLandscapeRight";
				INFOPLIST_KEY_UISupportedInterfaceOrientations_iPhone = "UIInterfaceOrientationPortrait UIInterfaceOrientationLandscapeLeft UIInterfaceOrientationLandscapeRight";
				IPHONEOS_DEPLOYMENT_TARGET = 17.5;
				LD_RUNPATH_SEARCH_PATHS = "@executable_path/Frameworks";
				"LD_RUNPATH_SEARCH_PATHS[sdk=macosx*]" = "@executable_path/../Frameworks";
				MACOSX_DEPLOYMENT_TARGET = 14.5;
				MARKETING_VERSION = 1.0;
				PRODUCT_BUNDLE_IDENTIFIER = com.kashiash.RemindersSD;
				PRODUCT_NAME = "$(TARGET_NAME)";
				SDKROOT = auto;
				SUPPORTED_PLATFORMS = "iphoneos iphonesimulator macosx";
				SWIFT_EMIT_LOC_STRINGS = YES;
				SWIFT_VERSION = 5.0;
				TARGETED_DEVICE_FAMILY = "1,2";
			};
			name = Release;
		};
/* End XCBuildConfiguration section */

/* Begin XCConfigurationList section */
		76955FD62C26D59900452A26 /* Build configuration list for PBXProject "RemindersSD" */ = {
			isa = XCConfigurationList;
			buildConfigurations = (
				76955FE82C26D59B00452A26 /* Debug */,
				76955FE92C26D59B00452A26 /* Release */,
			);
			defaultConfigurationIsVisible = 0;
			defaultConfigurationName = Release;
		};
		76955FEA2C26D59B00452A26 /* Build configuration list for PBXNativeTarget "RemindersSD" */ = {
			isa = XCConfigurationList;
			buildConfigurations = (
				76955FEB2C26D59B00452A26 /* Debug */,
				76955FEC2C26D59B00452A26 /* Release */,
			);
			defaultConfigurationIsVisible = 0;
			defaultConfigurationName = Release;
		};
/* End XCConfigurationList section */
	};
	rootObject = 76955FD32C26D59900452A26 /* Project object */;
}
